// !$*UTF8*$!
{
	archiveVersion = 1;
	classes = {
	};
	objectVersion = 46;
	objects = {

/* Begin PBXBuildFile section */
		D2B5A0F61703448E00C67EFE /* UIKit.framework in Frameworks */ = {isa = PBXBuildFile; fileRef = D2B5A0F51703448E00C67EFE /* UIKit.framework */; };
		D2B5A0F81703448E00C67EFE /* Foundation.framework in Frameworks */ = {isa = PBXBuildFile; fileRef = D2B5A0F71703448E00C67EFE /* Foundation.framework */; };
		D2B5A0FA1703448E00C67EFE /* CoreGraphics.framework in Frameworks */ = {isa = PBXBuildFile; fileRef = D2B5A0F91703448E00C67EFE /* CoreGraphics.framework */; };
		D2B5A1001703448E00C67EFE /* InfoPlist.strings in Resources */ = {isa = PBXBuildFile; fileRef = D2B5A0FE1703448E00C67EFE /* InfoPlist.strings */; };
		D2B5A1021703448E00C67EFE /* main.m in Sources */ = {isa = PBXBuildFile; fileRef = D2B5A1011703448E00C67EFE /* main.m */; };
		D2B5A1061703448E00C67EFE /* UsingViewsAppDelegate.m in Sources */ = {isa = PBXBuildFile; fileRef = D2B5A1051703448E00C67EFE /* UsingViewsAppDelegate.m */; };
		D2B5A1081703448E00C67EFE /* Default.png in Resources */ = {isa = PBXBuildFile; fileRef = D2B5A1071703448E00C67EFE /* Default.png */; };
		D2B5A10A1703448E00C67EFE /* Default@2x.png in Resources */ = {isa = PBXBuildFile; fileRef = D2B5A1091703448E00C67EFE /* Default@2x.png */; };
		D2B5A10C1703448E00C67EFE /* Default-568h@2x.png in Resources */ = {isa = PBXBuildFile; fileRef = D2B5A10B1703448E00C67EFE /* Default-568h@2x.png */; };
		D2B5A10F1703448E00C67EFE /* UsingViewsViewController.m in Sources */ = {isa = PBXBuildFile; fileRef = D2B5A10E1703448E00C67EFE /* UsingViewsViewController.m */; };
		D2B5A1121703448E00C67EFE /* UsingViewsViewController.xib in Resources */ = {isa = PBXBuildFile; fileRef = D2B5A1101703448E00C67EFE /* UsingViewsViewController.xib */; };
/* End PBXBuildFile section */

/* Begin PBXFileReference section */
		D2B5A0F21703448E00C67EFE /* UsingViews.app */ = {isa = PBXFileReference; explicitFileType = wrapper.application; includeInIndex = 0; path = UsingViews.app; sourceTree = BUILT_PRODUCTS_DIR; };
		D2B5A0F51703448E00C67EFE /* UIKit.framework */ = {isa = PBXFileReference; lastKnownFileType = wrapper.framework; name = UIKit.framework; path = System/Library/Frameworks/UIKit.framework; sourceTree = SDKROOT; };
		D2B5A0F71703448E00C67EFE /* Foundation.framework */ = {isa = PBXFileReference; lastKnownFileType = wrapper.framework; name = Foundation.framework; path = System/Library/Frameworks/Foundation.framework; sourceTree = SDKROOT; };
		D2B5A0F91703448E00C67EFE /* CoreGraphics.framework */ = {isa = PBXFileReference; lastKnownFileType = wrapper.framework; name = CoreGraphics.framework; path = System/Library/Frameworks/CoreGraphics.framework; sourceTree = SDKROOT; };
		D2B5A0FD1703448E00C67EFE /* UsingViews-Info.plist */ = {isa = PBXFileReference; lastKnownFileType = text.plist.xml; path = "UsingViews-Info.plist"; sourceTree = "<group>"; };
		D2B5A0FF1703448E00C67EFE /* en */ = {isa = PBXFileReference; lastKnownFileType = text.plist.strings; name = en; path = en.lproj/InfoPlist.strings; sourceTree = "<group>"; };
		D2B5A1011703448E00C67EFE /* main.m */ = {isa = PBXFileReference; lastKnownFileType = sourcecode.c.objc; path = main.m; sourceTree = "<group>"; };
		D2B5A1031703448E00C67EFE /* UsingViews-Prefix.pch */ = {isa = PBXFileReference; lastKnownFileType = sourcecode.c.h; path = "UsingViews-Prefix.pch"; sourceTree = "<group>"; };
		D2B5A1041703448E00C67EFE /* UsingViewsAppDelegate.h */ = {isa = PBXFileReference; lastKnownFileType = sourcecode.c.h; path = UsingViewsAppDelegate.h; sourceTree = "<group>"; };
		D2B5A1051703448E00C67EFE /* UsingViewsAppDelegate.m */ = {isa = PBXFileReference; lastKnownFileType = sourcecode.c.objc; path = UsingViewsAppDelegate.m; sourceTree = "<group>"; };
		D2B5A1071703448E00C67EFE /* Default.png */ = {isa = PBXFileReference; lastKnownFileType = image.png; path = Default.png; sourceTree = "<group>"; };
		D2B5A1091703448E00C67EFE /* Default@2x.png */ = {isa = PBXFileReference; lastKnownFileType = image.png; path = "Default@2x.png"; sourceTree = "<group>"; };
		D2B5A10B1703448E00C67EFE /* Default-568h@2x.png */ = {isa = PBXFileReference; lastKnownFileType = image.png; path = "Default-568h@2x.png"; sourceTree = "<group>"; };
		D2B5A10D1703448E00C67EFE /* UsingViewsViewController.h */ = {isa = PBXFileReference; lastKnownFileType = sourcecode.c.h; path = UsingViewsViewController.h; sourceTree = "<group>"; };
		D2B5A10E1703448E00C67EFE /* UsingViewsViewController.m */ = {isa = PBXFileReference; lastKnownFileType = sourcecode.c.objc; path = UsingViewsViewController.m; sourceTree = "<group>"; };
		D2B5A1111703448E00C67EFE /* en */ = {isa = PBXFileReference; lastKnownFileType = file.xib; name = en; path = en.lproj/UsingViewsViewController.xib; sourceTree = "<group>"; };
/* End PBXFileReference section */

/* Begin PBXFrameworksBuildPhase section */
		D2B5A0EF1703448E00C67EFE /* Frameworks */ = {
			isa = PBXFrameworksBuildPhase;
			buildActionMask = 2147483647;
			files = (
				D2B5A0F61703448E00C67EFE /* UIKit.framework in Frameworks */,
				D2B5A0F81703448E00C67EFE /* Foundation.framework in Frameworks */,
				D2B5A0FA1703448E00C67EFE /* CoreGraphics.framework in Frameworks */,
			);
			runOnlyForDeploymentPostprocessing = 0;
		};
/* End PBXFrameworksBuildPhase section */

/* Begin PBXGroup section */
		D2B5A0E91703448E00C67EFE = {
			isa = PBXGroup;
			children = (
				D2B5A0FB1703448E00C67EFE /* UsingViews */,
				D2B5A0F41703448E00C67EFE /* Frameworks */,
				D2B5A0F31703448E00C67EFE /* Products */,
			);
			sourceTree = "<group>";
		};
		D2B5A0F31703448E00C67EFE /* Products */ = {
			isa = PBXGroup;
			children = (
				D2B5A0F21703448E00C67EFE /* UsingViews.app */,
			);
			name = Products;
			sourceTree = "<group>";
		};
		D2B5A0F41703448E00C67EFE /* Frameworks */ = {
			isa = PBXGroup;
			children = (
				D2B5A0F51703448E00C67EFE /* UIKit.framework */,
				D2B5A0F71703448E00C67EFE /* Foundation.framework */,
				D2B5A0F91703448E00C67EFE /* CoreGraphics.framework */,
			);
			name = Frameworks;
			sourceTree = "<group>";
		};
		D2B5A0FB1703448E00C67EFE /* UsingViews */ = {
			isa = PBXGroup;
			children = (
				D2B5A1041703448E00C67EFE /* UsingViewsAppDelegate.h */,
				D2B5A1051703448E00C67EFE /* UsingViewsAppDelegate.m */,
				D2B5A10D1703448E00C67EFE /* UsingViewsViewController.h */,
				D2B5A10E1703448E00C67EFE /* UsingViewsViewController.m */,
				D2B5A1101703448E00C67EFE /* UsingViewsViewController.xib */,
				D2B5A0FC1703448E00C67EFE /* Supporting Files */,
			);
			path = UsingViews;
			sourceTree = "<group>";
		};
		D2B5A0FC1703448E00C67EFE /* Supporting Files */ = {
			isa = PBXGroup;
			children = (
				D2B5A0FD1703448E00C67EFE /* UsingViews-Info.plist */,
				D2B5A0FE1703448E00C67EFE /* InfoPlist.strings */,
				D2B5A1011703448E00C67EFE /* main.m */,
				D2B5A1031703448E00C67EFE /* UsingViews-Prefix.pch */,
				D2B5A1071703448E00C67EFE /* Default.png */,
				D2B5A1091703448E00C67EFE /* Default@2x.png */,
				D2B5A10B1703448E00C67EFE /* Default-568h@2x.png */,
			);
			name = "Supporting Files";
			sourceTree = "<group>";
		};
/* End PBXGroup section */

/* Begin PBXNativeTarget section */
		D2B5A0F11703448E00C67EFE /* UsingViews */ = {
			isa = PBXNativeTarget;
			buildConfigurationList = D2B5A1151703448E00C67EFE /* Build configuration list for PBXNativeTarget "UsingViews" */;
			buildPhases = (
				D2B5A0EE1703448E00C67EFE /* Sources */,
				D2B5A0EF1703448E00C67EFE /* Frameworks */,
				D2B5A0F01703448E00C67EFE /* Resources */,
			);
			buildRules = (
			);
			dependencies = (
			);
			name = UsingViews;
			productName = UsingViews;
			productReference = D2B5A0F21703448E00C67EFE /* UsingViews.app */;
			productType = "com.apple.product-type.application";
		};
/* End PBXNativeTarget section */

/* Begin PBXProject section */
		D2B5A0EA1703448E00C67EFE /* Project object */ = {
			isa = PBXProject;
			attributes = {
				CLASSPREFIX = UsingViews;
				LastUpgradeCheck = 0460;
				ORGANIZATIONNAME = "조영일";
			};
			buildConfigurationList = D2B5A0ED1703448E00C67EFE /* Build configuration list for PBXProject "UsingViews" */;
			compatibilityVersion = "Xcode 3.2";
			developmentRegion = English;
			hasScannedForEncodings = 0;
			knownRegions = (
				en,
			);
			mainGroup = D2B5A0E91703448E00C67EFE;
			productRefGroup = D2B5A0F31703448E00C67EFE /* Products */;
			projectDirPath = "";
			projectRoot = "";
			targets = (
				D2B5A0F11703448E00C67EFE /* UsingViews */,
			);
		};
/* End PBXProject section */

/* Begin PBXResourcesBuildPhase section */
		D2B5A0F01703448E00C67EFE /* Resources */ = {
			isa = PBXResourcesBuildPhase;
			buildActionMask = 2147483647;
			files = (
				D2B5A1001703448E00C67EFE /* InfoPlist.strings in Resources */,
				D2B5A1081703448E00C67EFE /* Default.png in Resources */,
				D2B5A10A1703448E00C67EFE /* Default@2x.png in Resources */,
				D2B5A10C1703448E00C67EFE /* Default-568h@2x.png in Resources */,
				D2B5A1121703448E00C67EFE /* UsingViewsViewController.xib in Resources */,
			);
			runOnlyForDeploymentPostprocessing = 0;
		};
/* End PBXResourcesBuildPhase section */

/* Begin PBXSourcesBuildPhase section */
		D2B5A0EE1703448E00C67EFE /* Sources */ = {
			isa = PBXSourcesBuildPhase;
			buildActionMask = 2147483647;
			files = (
				D2B5A1021703448E00C67EFE /* main.m in Sources */,
				D2B5A1061703448E00C67EFE /* UsingViewsAppDelegate.m in Sources */,
				D2B5A10F1703448E00C67EFE /* UsingViewsViewController.m in Sources */,
			);
			runOnlyForDeploymentPostprocessing = 0;
		};
/* End PBXSourcesBuildPhase section */

/* Begin PBXVariantGroup section */
		D2B5A0FE1703448E00C67EFE /* InfoPlist.strings */ = {
			isa = PBXVariantGroup;
			children = (
				D2B5A0FF1703448E00C67EFE /* en */,
			);
			name = InfoPlist.strings;
			sourceTree = "<group>";
		};
		D2B5A1101703448E00C67EFE /* UsingViewsViewController.xib */ = {
			isa = PBXVariantGroup;
			children = (
				D2B5A1111703448E00C67EFE /* en */,
			);
			name = UsingViewsViewController.xib;
			sourceTree = "<group>";
		};
/* End PBXVariantGroup section */

/* Begin XCBuildConfiguration section */
		D2B5A1131703448E00C67EFE /* Debug */ = {
			isa = XCBuildConfiguration;
			buildSettings = {
				ALWAYS_SEARCH_USER_PATHS = NO;
				CLANG_CXX_LANGUAGE_STANDARD = "gnu++0x";
				CLANG_CXX_LIBRARY = "libc++";
				CLANG_ENABLE_OBJC_ARC = YES;
				CLANG_WARN_CONSTANT_CONVERSION = YES;
				CLANG_WARN_EMPTY_BODY = YES;
				CLANG_WARN_ENUM_CONVERSION = YES;
				CLANG_WARN_INT_CONVERSION = YES;
				CLANG_WARN__DUPLICATE_METHOD_MATCH = YES;
				"CODE_SIGN_IDENTITY[sdk=iphoneos*]" = "iPhone Developer";
				COPY_PHASE_STRIP = NO;
				GCC_C_LANGUAGE_STANDARD = gnu99;
				GCC_DYNAMIC_NO_PIC = NO;
				GCC_OPTIMIZATION_LEVEL = 0;
				GCC_PREPROCESSOR_DEFINITIONS = (
					"DEBUG=1",
					"$(inherited)",
				);
				GCC_SYMBOLS_PRIVATE_EXTERN = NO;
				GCC_WARN_ABOUT_RETURN_TYPE = YES;
				GCC_WARN_UNINITIALIZED_AUTOS = YES;
				GCC_WARN_UNUSED_VARIABLE = YES;
				IPHONEOS_DEPLOYMENT_TARGET = 6.1;
				ONLY_ACTIVE_ARCH = YES;
				SDKROOT = iphoneos;
			};
			name = Debug;
		};
		D2B5A1141703448E00C67EFE /* Release */ = {
			isa = XCBuildConfiguration;
			buildSettings = {
				ALWAYS_SEARCH_USER_PATHS = NO;
				CLANG_CXX_LANGUAGE_STANDARD = "gnu++0x";
				CLANG_CXX_LIBRARY = "libc++";
				CLANG_ENABLE_OBJC_ARC = YES;
				CLANG_WARN_CONSTANT_CONVERSION = YES;
				CLANG_WARN_EMPTY_BODY = YES;
				CLANG_WARN_ENUM_CONVERSION = YES;
				CLANG_WARN_INT_CONVERSION = YES;
				CLANG_WARN__DUPLICATE_METHOD_MATCH = YES;
				"CODE_SIGN_IDENTITY[sdk=iphoneos*]" = "iPhone Developer";
				COPY_PHASE_STRIP = YES;
				GCC_C_LANGUAGE_STANDARD = gnu99;
				GCC_WARN_ABOUT_RETURN_TYPE = YES;
				GCC_WARN_UNINITIALIZED_AUTOS = YES;
				GCC_WARN_UNUSED_VARIABLE = YES;
				IPHONEOS_DEPLOYMENT_TARGET = 6.1;
				OTHER_CFLAGS = "-DNS_BLOCK_ASSERTIONS=1";
				SDKROOT = iphoneos;
				VALIDATE_PRODUCT = YES;
			};
			name = Release;
		};
		D2B5A1161703448E00C67EFE /* Debug */ = {
			isa = XCBuildConfiguration;
			buildSettings = {
				GCC_PRECOMPILE_PREFIX_HEADER = YES;
				GCC_PREFIX_HEADER = "UsingViews/UsingViews-Prefix.pch";
				INFOPLIST_FILE = "UsingViews/UsingViews-Info.plist";
				PRODUCT_NAME = "$(TARGET_NAME)";
				WRAPPER_EXTENSION = app;
			};
			name = Debug;
		};
		D2B5A1171703448E00C67EFE /* Release */ = {
			isa = XCBuildConfiguration;
			buildSettings = {
				GCC_PRECOMPILE_PREFIX_HEADER = YES;
				GCC_PREFIX_HEADER = "UsingViews/UsingViews-Prefix.pch";
				INFOPLIST_FILE = "UsingViews/UsingViews-Info.plist";
				PRODUCT_NAME = "$(TARGET_NAME)";
				WRAPPER_EXTENSION = app;
			};
			name = Release;
		};
/* End XCBuildConfiguration section */

/* Begin XCConfigurationList section */
		D2B5A0ED1703448E00C67EFE /* Build configuration list for PBXProject "UsingViews" */ = {
			isa = XCConfigurationList;
			buildConfigurations = (
				D2B5A1131703448E00C67EFE /* Debug */,
				D2B5A1141703448E00C67EFE /* Release */,
			);
			defaultConfigurationIsVisible = 0;
			defaultConfigurationName = Release;
		};
		D2B5A1151703448E00C67EFE /* Build configuration list for PBXNativeTarget "UsingViews" */ = {
			isa = XCConfigurationList;
			buildConfigurations = (
				D2B5A1161703448E00C67EFE /* Debug */,
				D2B5A1171703448E00C67EFE /* Release */,
			);
			defaultConfigurationIsVisible = 0;
		};
/* End XCConfigurationList section */
	};
	rootObject = D2B5A0EA1703448E00C67EFE /* Project object */;
}
