// !$*UTF8*$!
{
	archiveVersion = 1;
	classes = {
	};
	objectVersion = 46;
	objects = {

/* Begin PBXBuildFile section */
		D2D8DC1615342ED300B22795 /* Foundation.framework in Frameworks */ = {isa = PBXBuildFile; fileRef = D2D8DC1515342ED300B22795 /* Foundation.framework */; };
		D2D8DC1915342ED300B22795 /* main.m in Sources */ = {isa = PBXBuildFile; fileRef = D2D8DC1815342ED300B22795 /* main.m */; };
		D2D8DC1D15342ED300B22795 /* ClassA.1 in CopyFiles */ = {isa = PBXBuildFile; fileRef = D2D8DC1C15342ED300B22795 /* ClassA.1 */; };
/* End PBXBuildFile section */

/* Begin PBXCopyFilesBuildPhase section */
		D2D8DC0F15342ED300B22795 /* CopyFiles */ = {
			isa = PBXCopyFilesBuildPhase;
			buildActionMask = 2147483647;
			dstPath = /usr/share/man/man1/;
			dstSubfolderSpec = 0;
			files = (
				D2D8DC1D15342ED300B22795 /* ClassA.1 in CopyFiles */,
			);
			runOnlyForDeploymentPostprocessing = 1;
		};
/* End PBXCopyFilesBuildPhase section */

/* Begin PBXFileReference section */
		D2D8DC1115342ED300B22795 /* ClassA */ = {isa = PBXFileReference; explicitFileType = "compiled.mach-o.executable"; includeInIndex = 0; path = ClassA; sourceTree = BUILT_PRODUCTS_DIR; };
		D2D8DC1515342ED300B22795 /* Foundation.framework */ = {isa = PBXFileReference; lastKnownFileType = wrapper.framework; name = Foundation.framework; path = System/Library/Frameworks/Foundation.framework; sourceTree = SDKROOT; };
		D2D8DC1815342ED300B22795 /* main.m */ = {isa = PBXFileReference; lastKnownFileType = sourcecode.c.objc; path = main.m; sourceTree = "<group>"; };
		D2D8DC1B15342ED300B22795 /* ClassA-Prefix.pch */ = {isa = PBXFileReference; path = "ClassA-Prefix.pch"; sourceTree = "<group>"; };
		D2D8DC1C15342ED300B22795 /* ClassA.1 */ = {isa = PBXFileReference; lastKnownFileType = text.man; path = ClassA.1; sourceTree = "<group>"; };
/* End PBXFileReference section */

/* Begin PBXFrameworksBuildPhase section */
		D2D8DC0E15342ED300B22795 /* Frameworks */ = {
			isa = PBXFrameworksBuildPhase;
			buildActionMask = 2147483647;
			files = (
				D2D8DC1615342ED300B22795 /* Foundation.framework in Frameworks */,
			);
			runOnlyForDeploymentPostprocessing = 0;
		};
/* End PBXFrameworksBuildPhase section */

/* Begin PBXGroup section */
		D2D8DC0615342ED300B22795 = {
			isa = PBXGroup;
			children = (
				D2D8DC1715342ED300B22795 /* ClassA */,
				D2D8DC1415342ED300B22795 /* Frameworks */,
				D2D8DC1215342ED300B22795 /* Products */,
			);
			sourceTree = "<group>";
		};
		D2D8DC1215342ED300B22795 /* Products */ = {
			isa = PBXGroup;
			children = (
				D2D8DC1115342ED300B22795 /* ClassA */,
			);
			name = Products;
			sourceTree = "<group>";
		};
		D2D8DC1415342ED300B22795 /* Frameworks */ = {
			isa = PBXGroup;
			children = (
				D2D8DC1515342ED300B22795 /* Foundation.framework */,
			);
			name = Frameworks;
			sourceTree = "<group>";
		};
		D2D8DC1715342ED300B22795 /* ClassA */ = {
			isa = PBXGroup;
			children = (
				D2D8DC1815342ED300B22795 /* main.m */,
				D2D8DC1C15342ED300B22795 /* ClassA.1 */,
				D2D8DC1A15342ED300B22795 /* Supporting Files */,
			);
			path = ClassA;
			sourceTree = "<group>";
		};
		D2D8DC1A15342ED300B22795 /* Supporting Files */ = {
			isa = PBXGroup;
			children = (
				D2D8DC1B15342ED300B22795 /* ClassA-Prefix.pch */,
			);
			name = "Supporting Files";
			sourceTree = "<group>";
		};
/* End PBXGroup section */

/* Begin PBXNativeTarget section */
		D2D8DC1015342ED300B22795 /* ClassA */ = {
			isa = PBXNativeTarget;
			buildConfigurationList = D2D8DC2015342ED300B22795 /* Build configuration list for PBXNativeTarget "ClassA" */;
			buildPhases = (
				D2D8DC0D15342ED300B22795 /* Sources */,
				D2D8DC0E15342ED300B22795 /* Frameworks */,
				D2D8DC0F15342ED300B22795 /* CopyFiles */,
			);
			buildRules = (
			);
			dependencies = (
			);
			name = ClassA;
			productName = ClassA;
			productReference = D2D8DC1115342ED300B22795 /* ClassA */;
			productType = "com.apple.product-type.tool";
		};
/* End PBXNativeTarget section */

/* Begin PBXProject section */
		D2D8DC0815342ED300B22795 /* Project object */ = {
			isa = PBXProject;
			attributes = {
				LastUpgradeCheck = 0430;
			};
			buildConfigurationList = D2D8DC0B15342ED300B22795 /* Build configuration list for PBXProject "ClassA" */;
			compatibilityVersion = "Xcode 3.2";
			developmentRegion = English;
			hasScannedForEncodings = 0;
			knownRegions = (
				en,
			);
			mainGroup = D2D8DC0615342ED300B22795;
			productRefGroup = D2D8DC1215342ED300B22795 /* Products */;
			projectDirPath = "";
			projectRoot = "";
			targets = (
				D2D8DC1015342ED300B22795 /* ClassA */,
			);
		};
/* End PBXProject section */

/* Begin PBXSourcesBuildPhase section */
		D2D8DC0D15342ED300B22795 /* Sources */ = {
			isa = PBXSourcesBuildPhase;
			buildActionMask = 2147483647;
			files = (
				D2D8DC1915342ED300B22795 /* main.m in Sources */,
			);
			runOnlyForDeploymentPostprocessing = 0;
		};
/* End PBXSourcesBuildPhase section */

/* Begin XCBuildConfiguration section */
		D2D8DC1E15342ED300B22795 /* Debug */ = {
			isa = XCBuildConfiguration;
			buildSettings = {
				ALWAYS_SEARCH_USER_PATHS = NO;
				ARCHS = "$(ARCHS_STANDARD_64_BIT)";
				CLANG_ENABLE_OBJC_ARC = YES;
				COPY_PHASE_STRIP = NO;
				GCC_C_LANGUAGE_STANDARD = gnu99;
				GCC_DYNAMIC_NO_PIC = NO;
				GCC_ENABLE_OBJC_EXCEPTIONS = YES;
				GCC_OPTIMIZATION_LEVEL = 0;
				GCC_PREPROCESSOR_DEFINITIONS = (
					"DEBUG=1",
					"$(inherited)",
				);
				GCC_SYMBOLS_PRIVATE_EXTERN = NO;
				GCC_VERSION = com.apple.compilers.llvm.clang.1_0;
				GCC_WARN_64_TO_32_BIT_CONVERSION = YES;
				GCC_WARN_ABOUT_RETURN_TYPE = YES;
				GCC_WARN_UNINITIALIZED_AUTOS = YES;
				GCC_WARN_UNUSED_VARIABLE = YES;
				MACOSX_DEPLOYMENT_TARGET = 10.7;
				ONLY_ACTIVE_ARCH = YES;
				SDKROOT = macosx;
			};
			name = Debug;
		};
		D2D8DC1F15342ED300B22795 /* Release */ = {
			isa = XCBuildConfiguration;
			buildSettings = {
				ALWAYS_SEARCH_USER_PATHS = NO;
				ARCHS = "$(ARCHS_STANDARD_64_BIT)";
				CLANG_ENABLE_OBJC_ARC = YES;
				COPY_PHASE_STRIP = YES;
				DEBUG_INFORMATION_FORMAT = "dwarf-with-dsym";
				GCC_C_LANGUAGE_STANDARD = gnu99;
				GCC_ENABLE_OBJC_EXCEPTIONS = YES;
				GCC_VERSION = com.apple.compilers.llvm.clang.1_0;
				GCC_WARN_64_TO_32_BIT_CONVERSION = YES;
				GCC_WARN_ABOUT_RETURN_TYPE = YES;
				GCC_WARN_UNINITIALIZED_AUTOS = YES;
				GCC_WARN_UNUSED_VARIABLE = YES;
				MACOSX_DEPLOYMENT_TARGET = 10.7;
				SDKROOT = macosx;
			};
			name = Release;
		};
		D2D8DC2115342ED300B22795 /* Debug */ = {
			isa = XCBuildConfiguration;
			buildSettings = {
				GCC_PRECOMPILE_PREFIX_HEADER = YES;
				GCC_PREFIX_HEADER = "ClassA/ClassA-Prefix.pch";
				PRODUCT_NAME = "$(TARGET_NAME)";
			};
			name = Debug;
		};
		D2D8DC2215342ED300B22795 /* Release */ = {
			isa = XCBuildConfiguration;
			buildSettings = {
				GCC_PRECOMPILE_PREFIX_HEADER = YES;
				GCC_PREFIX_HEADER = "ClassA/ClassA-Prefix.pch";
				PRODUCT_NAME = "$(TARGET_NAME)";
			};
			name = Release;
		};
/* End XCBuildConfiguration section */

/* Begin XCConfigurationList section */
		D2D8DC0B15342ED300B22795 /* Build configuration list for PBXProject "ClassA" */ = {
			isa = XCConfigurationList;
			buildConfigurations = (
				D2D8DC1E15342ED300B22795 /* Debug */,
				D2D8DC1F15342ED300B22795 /* Release */,
			);
			defaultConfigurationIsVisible = 0;
			defaultConfigurationName = Release;
		};
		D2D8DC2015342ED300B22795 /* Build configuration list for PBXNativeTarget "ClassA" */ = {
			isa = XCConfigurationList;
			buildConfigurations = (
				D2D8DC2115342ED300B22795 /* Debug */,
				D2D8DC2215342ED300B22795 /* Release */,
			);
			defaultConfigurationIsVisible = 0;
		};
/* End XCConfigurationList section */
	};
	rootObject = D2D8DC0815342ED300B22795 /* Project object */;
}
