// !$*UTF8*$!
{
	archiveVersion = 1;
	classes = {
	};
	objectVersion = 46;
	objects = {

/* Begin PBXBuildFile section */
		D205A8B51726D97800A2FCF6 /* UIKit.framework in Frameworks */ = {isa = PBXBuildFile; fileRef = D205A8B41726D97800A2FCF6 /* UIKit.framework */; };
		D205A8B71726D97800A2FCF6 /* Foundation.framework in Frameworks */ = {isa = PBXBuildFile; fileRef = D205A8B61726D97800A2FCF6 /* Foundation.framework */; };
		D205A8B91726D97800A2FCF6 /* CoreGraphics.framework in Frameworks */ = {isa = PBXBuildFile; fileRef = D205A8B81726D97800A2FCF6 /* CoreGraphics.framework */; };
		D205A8BF1726D97800A2FCF6 /* InfoPlist.strings in Resources */ = {isa = PBXBuildFile; fileRef = D205A8BD1726D97800A2FCF6 /* InfoPlist.strings */; };
		D205A8C11726D97800A2FCF6 /* main.m in Sources */ = {isa = PBXBuildFile; fileRef = D205A8C01726D97800A2FCF6 /* main.m */; };
		D205A8C51726D97900A2FCF6 /* MyiPhoneAppAppDelegate.m in Sources */ = {isa = PBXBuildFile; fileRef = D205A8C41726D97900A2FCF6 /* MyiPhoneAppAppDelegate.m */; };
		D205A8C71726D97900A2FCF6 /* Default.png in Resources */ = {isa = PBXBuildFile; fileRef = D205A8C61726D97900A2FCF6 /* Default.png */; };
		D205A8C91726D97900A2FCF6 /* Default@2x.png in Resources */ = {isa = PBXBuildFile; fileRef = D205A8C81726D97900A2FCF6 /* Default@2x.png */; };
		D205A8CB1726D97900A2FCF6 /* Default-568h@2x.png in Resources */ = {isa = PBXBuildFile; fileRef = D205A8CA1726D97900A2FCF6 /* Default-568h@2x.png */; };
		D205A8CE1726D97900A2FCF6 /* MyiPhoneAppViewController.m in Sources */ = {isa = PBXBuildFile; fileRef = D205A8CD1726D97900A2FCF6 /* MyiPhoneAppViewController.m */; };
		D205A8D11726D97900A2FCF6 /* MyiPhoneAppViewController.xib in Resources */ = {isa = PBXBuildFile; fileRef = D205A8CF1726D97900A2FCF6 /* MyiPhoneAppViewController.xib */; };
/* End PBXBuildFile section */

/* Begin PBXFileReference section */
		D205A8B11726D97800A2FCF6 /* MyiPhoneApp.app */ = {isa = PBXFileReference; explicitFileType = wrapper.application; includeInIndex = 0; path = MyiPhoneApp.app; sourceTree = BUILT_PRODUCTS_DIR; };
		D205A8B41726D97800A2FCF6 /* UIKit.framework */ = {isa = PBXFileReference; lastKnownFileType = wrapper.framework; name = UIKit.framework; path = System/Library/Frameworks/UIKit.framework; sourceTree = SDKROOT; };
		D205A8B61726D97800A2FCF6 /* Foundation.framework */ = {isa = PBXFileReference; lastKnownFileType = wrapper.framework; name = Foundation.framework; path = System/Library/Frameworks/Foundation.framework; sourceTree = SDKROOT; };
		D205A8B81726D97800A2FCF6 /* CoreGraphics.framework */ = {isa = PBXFileReference; lastKnownFileType = wrapper.framework; name = CoreGraphics.framework; path = System/Library/Frameworks/CoreGraphics.framework; sourceTree = SDKROOT; };
		D205A8BC1726D97800A2FCF6 /* MyiPhoneApp-Info.plist */ = {isa = PBXFileReference; lastKnownFileType = text.plist.xml; path = "MyiPhoneApp-Info.plist"; sourceTree = "<group>"; };
		D205A8BE1726D97800A2FCF6 /* en */ = {isa = PBXFileReference; lastKnownFileType = text.plist.strings; name = en; path = en.lproj/InfoPlist.strings; sourceTree = "<group>"; };
		D205A8C01726D97800A2FCF6 /* main.m */ = {isa = PBXFileReference; lastKnownFileType = sourcecode.c.objc; path = main.m; sourceTree = "<group>"; };
		D205A8C21726D97800A2FCF6 /* MyiPhoneApp-Prefix.pch */ = {isa = PBXFileReference; lastKnownFileType = sourcecode.c.h; path = "MyiPhoneApp-Prefix.pch"; sourceTree = "<group>"; };
		D205A8C31726D97900A2FCF6 /* MyiPhoneAppAppDelegate.h */ = {isa = PBXFileReference; lastKnownFileType = sourcecode.c.h; path = MyiPhoneAppAppDelegate.h; sourceTree = "<group>"; };
		D205A8C41726D97900A2FCF6 /* MyiPhoneAppAppDelegate.m */ = {isa = PBXFileReference; lastKnownFileType = sourcecode.c.objc; path = MyiPhoneAppAppDelegate.m; sourceTree = "<group>"; };
		D205A8C61726D97900A2FCF6 /* Default.png */ = {isa = PBXFileReference; lastKnownFileType = image.png; path = Default.png; sourceTree = "<group>"; };
		D205A8C81726D97900A2FCF6 /* Default@2x.png */ = {isa = PBXFileReference; lastKnownFileType = image.png; path = "Default@2x.png"; sourceTree = "<group>"; };
		D205A8CA1726D97900A2FCF6 /* Default-568h@2x.png */ = {isa = PBXFileReference; lastKnownFileType = image.png; path = "Default-568h@2x.png"; sourceTree = "<group>"; };
		D205A8CC1726D97900A2FCF6 /* MyiPhoneAppViewController.h */ = {isa = PBXFileReference; lastKnownFileType = sourcecode.c.h; path = MyiPhoneAppViewController.h; sourceTree = "<group>"; };
		D205A8CD1726D97900A2FCF6 /* MyiPhoneAppViewController.m */ = {isa = PBXFileReference; lastKnownFileType = sourcecode.c.objc; path = MyiPhoneAppViewController.m; sourceTree = "<group>"; };
		D205A8D01726D97900A2FCF6 /* en */ = {isa = PBXFileReference; lastKnownFileType = file.xib; name = en; path = en.lproj/MyiPhoneAppViewController.xib; sourceTree = "<group>"; };
/* End PBXFileReference section */

/* Begin PBXFrameworksBuildPhase section */
		D205A8AE1726D97800A2FCF6 /* Frameworks */ = {
			isa = PBXFrameworksBuildPhase;
			buildActionMask = 2147483647;
			files = (
				D205A8B51726D97800A2FCF6 /* UIKit.framework in Frameworks */,
				D205A8B71726D97800A2FCF6 /* Foundation.framework in Frameworks */,
				D205A8B91726D97800A2FCF6 /* CoreGraphics.framework in Frameworks */,
			);
			runOnlyForDeploymentPostprocessing = 0;
		};
/* End PBXFrameworksBuildPhase section */

/* Begin PBXGroup section */
		D205A8A81726D97800A2FCF6 = {
			isa = PBXGroup;
			children = (
				D205A8BA1726D97800A2FCF6 /* MyiPhoneApp */,
				D205A8B31726D97800A2FCF6 /* Frameworks */,
				D205A8B21726D97800A2FCF6 /* Products */,
			);
			sourceTree = "<group>";
		};
		D205A8B21726D97800A2FCF6 /* Products */ = {
			isa = PBXGroup;
			children = (
				D205A8B11726D97800A2FCF6 /* MyiPhoneApp.app */,
			);
			name = Products;
			sourceTree = "<group>";
		};
		D205A8B31726D97800A2FCF6 /* Frameworks */ = {
			isa = PBXGroup;
			children = (
				D205A8B41726D97800A2FCF6 /* UIKit.framework */,
				D205A8B61726D97800A2FCF6 /* Foundation.framework */,
				D205A8B81726D97800A2FCF6 /* CoreGraphics.framework */,
			);
			name = Frameworks;
			sourceTree = "<group>";
		};
		D205A8BA1726D97800A2FCF6 /* MyiPhoneApp */ = {
			isa = PBXGroup;
			children = (
				D205A8C31726D97900A2FCF6 /* MyiPhoneAppAppDelegate.h */,
				D205A8C41726D97900A2FCF6 /* MyiPhoneAppAppDelegate.m */,
				D205A8CC1726D97900A2FCF6 /* MyiPhoneAppViewController.h */,
				D205A8CD1726D97900A2FCF6 /* MyiPhoneAppViewController.m */,
				D205A8CF1726D97900A2FCF6 /* MyiPhoneAppViewController.xib */,
				D205A8BB1726D97800A2FCF6 /* Supporting Files */,
			);
			path = MyiPhoneApp;
			sourceTree = "<group>";
		};
		D205A8BB1726D97800A2FCF6 /* Supporting Files */ = {
			isa = PBXGroup;
			children = (
				D205A8BC1726D97800A2FCF6 /* MyiPhoneApp-Info.plist */,
				D205A8BD1726D97800A2FCF6 /* InfoPlist.strings */,
				D205A8C01726D97800A2FCF6 /* main.m */,
				D205A8C21726D97800A2FCF6 /* MyiPhoneApp-Prefix.pch */,
				D205A8C61726D97900A2FCF6 /* Default.png */,
				D205A8C81726D97900A2FCF6 /* Default@2x.png */,
				D205A8CA1726D97900A2FCF6 /* Default-568h@2x.png */,
			);
			name = "Supporting Files";
			sourceTree = "<group>";
		};
/* End PBXGroup section */

/* Begin PBXNativeTarget section */
		D205A8B01726D97800A2FCF6 /* MyiPhoneApp */ = {
			isa = PBXNativeTarget;
			buildConfigurationList = D205A8D41726D97900A2FCF6 /* Build configuration list for PBXNativeTarget "MyiPhoneApp" */;
			buildPhases = (
				D205A8AD1726D97800A2FCF6 /* Sources */,
				D205A8AE1726D97800A2FCF6 /* Frameworks */,
				D205A8AF1726D97800A2FCF6 /* Resources */,
			);
			buildRules = (
			);
			dependencies = (
			);
			name = MyiPhoneApp;
			productName = MyiPhoneApp;
			productReference = D205A8B11726D97800A2FCF6 /* MyiPhoneApp.app */;
			productType = "com.apple.product-type.application";
		};
/* End PBXNativeTarget section */

/* Begin PBXProject section */
		D205A8A91726D97800A2FCF6 /* Project object */ = {
			isa = PBXProject;
			attributes = {
				CLASSPREFIX = MyiPhoneApp;
				LastUpgradeCheck = 0460;
				ORGANIZATIONNAME = "조영일";
			};
			buildConfigurationList = D205A8AC1726D97800A2FCF6 /* Build configuration list for PBXProject "MyiPhoneApp" */;
			compatibilityVersion = "Xcode 3.2";
			developmentRegion = English;
			hasScannedForEncodings = 0;
			knownRegions = (
				en,
			);
			mainGroup = D205A8A81726D97800A2FCF6;
			productRefGroup = D205A8B21726D97800A2FCF6 /* Products */;
			projectDirPath = "";
			projectRoot = "";
			targets = (
				D205A8B01726D97800A2FCF6 /* MyiPhoneApp */,
			);
		};
/* End PBXProject section */

/* Begin PBXResourcesBuildPhase section */
		D205A8AF1726D97800A2FCF6 /* Resources */ = {
			isa = PBXResourcesBuildPhase;
			buildActionMask = 2147483647;
			files = (
				D205A8BF1726D97800A2FCF6 /* InfoPlist.strings in Resources */,
				D205A8C71726D97900A2FCF6 /* Default.png in Resources */,
				D205A8C91726D97900A2FCF6 /* Default@2x.png in Resources */,
				D205A8CB1726D97900A2FCF6 /* Default-568h@2x.png in Resources */,
				D205A8D11726D97900A2FCF6 /* MyiPhoneAppViewController.xib in Resources */,
			);
			runOnlyForDeploymentPostprocessing = 0;
		};
/* End PBXResourcesBuildPhase section */

/* Begin PBXSourcesBuildPhase section */
		D205A8AD1726D97800A2FCF6 /* Sources */ = {
			isa = PBXSourcesBuildPhase;
			buildActionMask = 2147483647;
			files = (
				D205A8C11726D97800A2FCF6 /* main.m in Sources */,
				D205A8C51726D97900A2FCF6 /* MyiPhoneAppAppDelegate.m in Sources */,
				D205A8CE1726D97900A2FCF6 /* MyiPhoneAppViewController.m in Sources */,
			);
			runOnlyForDeploymentPostprocessing = 0;
		};
/* End PBXSourcesBuildPhase section */

/* Begin PBXVariantGroup section */
		D205A8BD1726D97800A2FCF6 /* InfoPlist.strings */ = {
			isa = PBXVariantGroup;
			children = (
				D205A8BE1726D97800A2FCF6 /* en */,
			);
			name = InfoPlist.strings;
			sourceTree = "<group>";
		};
		D205A8CF1726D97900A2FCF6 /* MyiPhoneAppViewController.xib */ = {
			isa = PBXVariantGroup;
			children = (
				D205A8D01726D97900A2FCF6 /* en */,
			);
			name = MyiPhoneAppViewController.xib;
			sourceTree = "<group>";
		};
/* End PBXVariantGroup section */

/* Begin XCBuildConfiguration section */
		D205A8D21726D97900A2FCF6 /* Debug */ = {
			isa = XCBuildConfiguration;
			buildSettings = {
				ALWAYS_SEARCH_USER_PATHS = NO;
				CLANG_CXX_LANGUAGE_STANDARD = "gnu++0x";
				CLANG_CXX_LIBRARY = "libc++";
				CLANG_ENABLE_OBJC_ARC = YES;
				CLANG_WARN_CONSTANT_CONVERSION = YES;
				CLANG_WARN_EMPTY_BODY = YES;
				CLANG_WARN_ENUM_CONVERSION = YES;
				CLANG_WARN_INT_CONVERSION = YES;
				CLANG_WARN__DUPLICATE_METHOD_MATCH = YES;
				"CODE_SIGN_IDENTITY[sdk=iphoneos*]" = "iPhone Developer";
				COPY_PHASE_STRIP = NO;
				GCC_C_LANGUAGE_STANDARD = gnu99;
				GCC_DYNAMIC_NO_PIC = NO;
				GCC_OPTIMIZATION_LEVEL = 0;
				GCC_PREPROCESSOR_DEFINITIONS = (
					"DEBUG=1",
					"$(inherited)",
				);
				GCC_SYMBOLS_PRIVATE_EXTERN = NO;
				GCC_WARN_ABOUT_RETURN_TYPE = YES;
				GCC_WARN_UNINITIALIZED_AUTOS = YES;
				GCC_WARN_UNUSED_VARIABLE = YES;
				IPHONEOS_DEPLOYMENT_TARGET = 6.1;
				ONLY_ACTIVE_ARCH = YES;
				SDKROOT = iphoneos;
			};
			name = Debug;
		};
		D205A8D31726D97900A2FCF6 /* Release */ = {
			isa = XCBuildConfiguration;
			buildSettings = {
				ALWAYS_SEARCH_USER_PATHS = NO;
				CLANG_CXX_LANGUAGE_STANDARD = "gnu++0x";
				CLANG_CXX_LIBRARY = "libc++";
				CLANG_ENABLE_OBJC_ARC = YES;
				CLANG_WARN_CONSTANT_CONVERSION = YES;
				CLANG_WARN_EMPTY_BODY = YES;
				CLANG_WARN_ENUM_CONVERSION = YES;
				CLANG_WARN_INT_CONVERSION = YES;
				CLANG_WARN__DUPLICATE_METHOD_MATCH = YES;
				"CODE_SIGN_IDENTITY[sdk=iphoneos*]" = "iPhone Developer";
				COPY_PHASE_STRIP = YES;
				GCC_C_LANGUAGE_STANDARD = gnu99;
				GCC_WARN_ABOUT_RETURN_TYPE = YES;
				GCC_WARN_UNINITIALIZED_AUTOS = YES;
				GCC_WARN_UNUSED_VARIABLE = YES;
				IPHONEOS_DEPLOYMENT_TARGET = 6.1;
				OTHER_CFLAGS = "-DNS_BLOCK_ASSERTIONS=1";
				SDKROOT = iphoneos;
				VALIDATE_PRODUCT = YES;
			};
			name = Release;
		};
		D205A8D51726D97900A2FCF6 /* Debug */ = {
			isa = XCBuildConfiguration;
			buildSettings = {
				GCC_PRECOMPILE_PREFIX_HEADER = YES;
				GCC_PREFIX_HEADER = "MyiPhoneApp/MyiPhoneApp-Prefix.pch";
				INFOPLIST_FILE = "MyiPhoneApp/MyiPhoneApp-Info.plist";
				IPHONEOS_DEPLOYMENT_TARGET = 6.1;
				PRODUCT_NAME = "$(TARGET_NAME)";
				TARGETED_DEVICE_FAMILY = "1,2";
				WRAPPER_EXTENSION = app;
			};
			name = Debug;
		};
		D205A8D61726D97900A2FCF6 /* Release */ = {
			isa = XCBuildConfiguration;
			buildSettings = {
				GCC_PRECOMPILE_PREFIX_HEADER = YES;
				GCC_PREFIX_HEADER = "MyiPhoneApp/MyiPhoneApp-Prefix.pch";
				INFOPLIST_FILE = "MyiPhoneApp/MyiPhoneApp-Info.plist";
				IPHONEOS_DEPLOYMENT_TARGET = 6.1;
				PRODUCT_NAME = "$(TARGET_NAME)";
				TARGETED_DEVICE_FAMILY = "1,2";
				WRAPPER_EXTENSION = app;
			};
			name = Release;
		};
/* End XCBuildConfiguration section */

/* Begin XCConfigurationList section */
		D205A8AC1726D97800A2FCF6 /* Build configuration list for PBXProject "MyiPhoneApp" */ = {
			isa = XCConfigurationList;
			buildConfigurations = (
				D205A8D21726D97900A2FCF6 /* Debug */,
				D205A8D31726D97900A2FCF6 /* Release */,
			);
			defaultConfigurationIsVisible = 0;
			defaultConfigurationName = Release;
		};
		D205A8D41726D97900A2FCF6 /* Build configuration list for PBXNativeTarget "MyiPhoneApp" */ = {
			isa = XCConfigurationList;
			buildConfigurations = (
				D205A8D51726D97900A2FCF6 /* Debug */,
				D205A8D61726D97900A2FCF6 /* Release */,
			);
			defaultConfigurationIsVisible = 0;
		};
/* End XCConfigurationList section */
	};
	rootObject = D205A8A91726D97800A2FCF6 /* Project object */;
}
